
Microsoft Visual Studio Solution File, Format Version 12.00
# Visual Studio 14
VisualStudioVersion = 14.0.25420.1
MinimumVisualStudioVersion = 10.0.40219.1
Project("{FAE04EC0-301F-11D3-BF4B-00C04F79EFBC}") = "HardwareQuotationInvoice", "HardwareQuotationInvoice\HardwareQuotationInvoice.csproj", "{474898CE-E252-4B93-B03D-AED05EA5087C}"
EndProject
Project("{FAE04EC0-301F-11D3-BF4B-00C04F79EFBC}") = "DataRepository", "DataRepository\DataRepository.csproj", "{5E08A641-83D3-4771-A2D6-6A287A13D84B}"
EndProject
Global
	GlobalSection(SolutionConfigurationPlatforms) = preSolution
		Debug|Any CPU = Debug|Any CPU
		Release|Any CPU = Release|Any CPU
	EndGlobalSection
	GlobalSection(ProjectConfigurationPlatforms) = postSolution
		{474898CE-E252-4B93-B03D-AED05EA5087C}.Debug|Any CPU.ActiveCfg = Debug|Any CPU
		{474898CE-E252-4B93-B03D-AED05EA5087C}.Debug|Any CPU.Build.0 = Debug|Any CPU
		{474898CE-E252-4B93-B03D-AED05EA5087C}.Release|Any CPU.ActiveCfg = Release|Any CPU
		{474898CE-E252-4B93-B03D-AED05EA5087C}.Release|Any CPU.Build.0 = Release|Any CPU
		{5E08A641-83D3-4771-A2D6-6A287A13D84B}.Debug|Any CPU.ActiveCfg = Debug|Any CPU
		{5E08A641-83D3-4771-A2D6-6A287A13D84B}.Debug|Any CPU.Build.0 = Debug|Any CPU
		{5E08A641-83D3-4771-A2D6-6A287A13D84B}.Release|Any CPU.ActiveCfg = Release|Any CPU
		{5E08A641-83D3-4771-A2D6-6A287A13D84B}.Release|Any CPU.Build.0 = Release|Any CPU
	EndGlobalSection
	GlobalSection(SolutionProperties) = preSolution
		HideSolutionNode = FALSE
	EndGlobalSection
EndGlobal
